{
  "name": "test-runner",
  "version": "0.12.0-9",
  "lockfileVersion": 3,
  "requires": true,
  "packages": {
    "": {
      "name": "test-runner",
      "version": "0.12.0-9",
      "license": "MIT",
      "dependencies": {
        "ansi-escape-sequences": "^6.2.2",
        "work": "^0.11.0"
      },
      "bin": {
        "test-runner": "bin/cli.js"
      },
      "engines": {
        "node": ">=12.17"
      }
    },
    "../../75lb/work": {
      "version": "0.11.0",
      "extraneous": true,
      "license": "MIT",
      "engines": {
        "node": ">=12.20"
      },
      "peerDependencies": {
        "@75lb/nature": "latest"
      },
      "peerDependenciesMeta": {
        "@75lb/nature": {
          "optional": true
        }
      }
    },
    "node_modules/ansi-escape-sequences": {
      "version": "6.2.2",
      "resolved": "https://registry.npmjs.org/ansi-escape-sequences/-/ansi-escape-sequences-6.2.2.tgz",
      "integrity": "sha512-mBPG9BZy4dMOJQ9BehU6ph8IKslvVppbqZ8APHnpfP+Hsx/hGow5PY46lSQL1vPPi1F5XTtO6p3GcH8O9c0cUg==",
      "license": "MIT",
      "dependencies": {
        "array-back": "^6.2.2"
      },
      "engines": {
        "node": ">=12.17"
      }
    },
    "node_modules/array-back": {
      "version": "6.2.2",
      "resolved": "https://registry.npmjs.org/array-back/-/array-back-6.2.2.tgz",
      "integrity": "sha512-gUAZ7HPyb4SJczXAMUXMGAvI976JoK3qEx9v1FTmeYuJj0IBiaKttG1ydtGKdkfqWkIkouke7nG8ufGy77+Cvw==",
      "license": "MIT",
      "engines": {
        "node": ">=12.17"
      }
    },
    "node_modules/work": {
      "version": "0.11.0",
      "resolved": "https://registry.npmjs.org/work/-/work-0.11.0.tgz",
      "integrity": "sha512-FI6DpNUWO1WPsxZfRWQPZnVEmhYR1ca/x0XfeNfnvaJjc4HFpsdUsqN+N3sBCj92zqKfTx+VoJQWLBA1AL6BbA==",
      "license": "MIT",
      "engines": {
        "node": ">=12.20"
      },
      "peerDependencies": {
        "@75lb/nature": "latest"
      },
      "peerDependenciesMeta": {
        "@75lb/nature": {
          "optional": true
        }
      }
    }
  }
}
