{
  "name": "test-runner",
  "version": "0.11.0",
  "lockfileVersion": 3,
  "requires": true,
  "packages": {
    "": {
      "name": "test-runner",
      "version": "0.11.0",
      "license": "MIT",
      "dependencies": {
        "nature": "^0.6.2"
      },
      "bin": {
        "test-runner": "bin/cli.js"
      },
      "devDependencies": {},
      "engines": {
        "node": ">=12.17"
      }
    },
    "node_modules/array-back": {
      "version": "6.2.2",
      "resolved": "https://registry.npmjs.org/array-back/-/array-back-6.2.2.tgz",
      "integrity": "sha512-gUAZ7HPyb4SJczXAMUXMGAvI976JoK3qEx9v1FTmeYuJj0IBiaKttG1ydtGKdkfqWkIkouke7nG8ufGy77+Cvw==",
      "license": "MIT",
      "engines": {
        "node": ">=12.17"
      }
    },
    "node_modules/load-module": {
      "version": "5.0.0",
      "resolved": "https://registry.npmjs.org/load-module/-/load-module-5.0.0.tgz",
      "integrity": "sha512-zZBnYIvAuP2TprnRisam+N/A3v+JX60pvdKoHQRKyl4xlHLQQLpp7JKNyEQ6D3Si0/QIQMgXko3PtV+cx6L7mA==",
      "license": "MIT",
      "dependencies": {
        "array-back": "^6.2.2"
      },
      "engines": {
        "node": ">=12.20"
      }
    },
    "node_modules/nature": {
      "version": "0.6.2",
      "resolved": "https://registry.npmjs.org/nature/-/nature-0.6.2.tgz",
      "integrity": "sha512-k+a+bUKUYn4pOFa6AJlFrS9euPCGKyJVnbPEeRq4c+mbVAIPDOX7oW1qVyOY5Ai4gag2/6zPnXZNbf9bnha5qg==",
      "license": "MIT",
      "dependencies": {
        "load-module": "^5.0.0"
      },
      "bin": {
        "nature": "bin/cli.js"
      },
      "engines": {
        "node": ">=14.8"
      }
    }
  }
}
